// !$*UTF8*$!
{
	archiveVersion = 1;
	classes = {
	};
	objectVersion = 46;
	objects = {

/* Begin PBXBuildFile section */
		0329D73CB771D063E241010A /* Pods_taxik_test.framework in Frameworks */ = {isa = PBXBuildFile; fileRef = DF823DE716D99C1BF2EF8DBF /* Pods_taxik_test.framework */; };
		0D56E3EE9B2A6EA77657F3B4 /* CitiesInteractor.swift in Sources */ = {isa = PBXBuildFile; fileRef = 63BB57CF99BF6C0BDD9E823A /* CitiesInteractor.swift */; };
		141F317F9F47094ADB37A65C /* CitiesViewController.swift in Sources */ = {isa = PBXBuildFile; fileRef = CFB4977BA3C76868AD89D743 /* CitiesViewController.swift */; };
		1D67862EE38E62B12FDA2348 /* CitiesRouterInput.swift in Sources */ = {isa = PBXBuildFile; fileRef = CAE7C8250EAEE78A1214E2C7 /* CitiesRouterInput.swift */; };
		1E9A4939624C192C8EBFCACD /* CitiesModuleInput.swift in Sources */ = {isa = PBXBuildFile; fileRef = B0C1F8FB5C970F4F0740BF03 /* CitiesModuleInput.swift */; };
		1EA9C6E003A2C68DE54F95F2 /* MapInteractor.swift in Sources */ = {isa = PBXBuildFile; fileRef = 067A1263CF538A88A3683EA8 /* MapInteractor.swift */; };
		2B290F4E5FD64C9458B25739 /* CitiesInteractorInput.swift in Sources */ = {isa = PBXBuildFile; fileRef = D49B2F3E18BA072A997D8178 /* CitiesInteractorInput.swift */; };
		3D905AC0185CB85D63E033FA /* CitiesViewInput.swift in Sources */ = {isa = PBXBuildFile; fileRef = 510F4584A23B5E0675A42393 /* CitiesViewInput.swift */; };
		455C2313B5B528CBBF7733DA /* MapViewOutput.swift in Sources */ = {isa = PBXBuildFile; fileRef = 165662B177482BD22F3A3504 /* MapViewOutput.swift */; };
		4DD274053C2714270DCDA75C /* CitiesPresenter.swift in Sources */ = {isa = PBXBuildFile; fileRef = 7BE608BF0553851F788CDB19 /* CitiesPresenter.swift */; };
		4E76DBE2A7B5B03424DD4E29 /* MapViewController.swift in Sources */ = {isa = PBXBuildFile; fileRef = 231791DA2FFE7B371DA5A766 /* MapViewController.swift */; };
		6B35B96F0A70CBD7BB4CA3E1 /* MapViewInput.swift in Sources */ = {isa = PBXBuildFile; fileRef = 2DAF1A4C79E7E26F6B128CBE /* MapViewInput.swift */; };
		7C7DB1ED76ADE86F56CA5D17 /* CitiesRouter.swift in Sources */ = {isa = PBXBuildFile; fileRef = D85CB82B9CF5CB8F1C0E0260 /* CitiesRouter.swift */; };
		7E3177EF6A35CA7519008165 /* MapPresenter.swift in Sources */ = {isa = PBXBuildFile; fileRef = 51DC5F9A7CE099E039C067D9 /* MapPresenter.swift */; };
		8DF7F05A7BD7EA2D82EFDC26 /* CitiesInteractorOutput.swift in Sources */ = {isa = PBXBuildFile; fileRef = 913D8B918417FB5EBD4D7805 /* CitiesInteractorOutput.swift */; };
		A1A5300FDF28FD82A585FAD3 /* MapInteractorInput.swift in Sources */ = {isa = PBXBuildFile; fileRef = 837A083F3149B64AC1302B35 /* MapInteractorInput.swift */; };
		AB32AFA5CF6755E449DDEF26 /* MapInteractorOutput.swift in Sources */ = {isa = PBXBuildFile; fileRef = B35919FE81B63B2129D57B18 /* MapInteractorOutput.swift */; };
		BC6240301D9302C700F513C9 /* ErrorEntities.swift in Sources */ = {isa = PBXBuildFile; fileRef = BC62402F1D9302C700F513C9 /* ErrorEntities.swift */; };
		BC6240381D93033F00F513C9 /* NetworkModelAssembly.swift in Sources */ = {isa = PBXBuildFile; fileRef = BC6240371D93033F00F513C9 /* NetworkModelAssembly.swift */; };
		BC62403B1D93034E00F513C9 /* AlamofireNetworking.swift in Sources */ = {isa = PBXBuildFile; fileRef = BC6240391D93034E00F513C9 /* AlamofireNetworking.swift */; };
		BC62403C1D93034E00F513C9 /* NetworkingType.swift in Sources */ = {isa = PBXBuildFile; fileRef = BC62403A1D93034E00F513C9 /* NetworkingType.swift */; };
		BC62403E1D93193400F513C9 /* CityRepositoryType.swift in Sources */ = {isa = PBXBuildFile; fileRef = BC62403D1D93193400F513C9 /* CityRepositoryType.swift */; };
		BC6240421D931CFF00F513C9 /* City.swift in Sources */ = {isa = PBXBuildFile; fileRef = BC6240411D931CFF00F513C9 /* City.swift */; };
		BC6240441D931FAD00F513C9 /* CardProcessing.swift in Sources */ = {isa = PBXBuildFile; fileRef = BC6240431D931FAD00F513C9 /* CardProcessing.swift */; };
		BC6240461D9322D700F513C9 /* CityRepository.swift in Sources */ = {isa = PBXBuildFile; fileRef = BC6240451D9322D700F513C9 /* CityRepository.swift */; };
		BC62404A1D93254F00F513C9 /* CityService.swift in Sources */ = {isa = PBXBuildFile; fileRef = BC6240491D93254F00F513C9 /* CityService.swift */; };
		BC62404C1D93258B00F513C9 /* CityServiceType.swift in Sources */ = {isa = PBXBuildFile; fileRef = BC62404B1D93258B00F513C9 /* CityServiceType.swift */; };
		BC62404E1D9325F000F513C9 /* CityModelAssembly.swift in Sources */ = {isa = PBXBuildFile; fileRef = BC62404D1D9325F000F513C9 /* CityModelAssembly.swift */; };
		BC6240501D93297200F513C9 /* CitiesDisplayManager.swift in Sources */ = {isa = PBXBuildFile; fileRef = BC62404F1D93297200F513C9 /* CitiesDisplayManager.swift */; };
		BC6240521D932D2500F513C9 /* CityCell.swift in Sources */ = {isa = PBXBuildFile; fileRef = BC6240511D932D2500F513C9 /* CityCell.swift */; };
		BC6240541D9331AB00F513C9 /* Cities.swift in Sources */ = {isa = PBXBuildFile; fileRef = BC6240531D9331AB00F513C9 /* Cities.swift */; };
		BCE6D3C01D92E1520079B9DC /* AppDelegate.swift in Sources */ = {isa = PBXBuildFile; fileRef = BCE6D3BF1D92E1520079B9DC /* AppDelegate.swift */; };
		BCE6D3C51D92E1520079B9DC /* Main.storyboard in Resources */ = {isa = PBXBuildFile; fileRef = BCE6D3C31D92E1520079B9DC /* Main.storyboard */; };
		BCE6D3C71D92E1520079B9DC /* Assets.xcassets in Resources */ = {isa = PBXBuildFile; fileRef = BCE6D3C61D92E1520079B9DC /* Assets.xcassets */; };
		BCE6D3CA1D92E1520079B9DC /* LaunchScreen.storyboard in Resources */ = {isa = PBXBuildFile; fileRef = BCE6D3C81D92E1520079B9DC /* LaunchScreen.storyboard */; };
		BCE6D3D91D92F1530079B9DC /* ModuleInput.swift in Sources */ = {isa = PBXBuildFile; fileRef = BCE6D3D41D92F1530079B9DC /* ModuleInput.swift */; };
		BCE6D3DA1D92F1530079B9DC /* ModuleInputProvider.swift in Sources */ = {isa = PBXBuildFile; fileRef = BCE6D3D51D92F1530079B9DC /* ModuleInputProvider.swift */; };
		BCE6D3DB1D92F1530079B9DC /* TransitionHandler.swift in Sources */ = {isa = PBXBuildFile; fileRef = BCE6D3D61D92F1530079B9DC /* TransitionHandler.swift */; };
		BCE6D3DC1D92F1530079B9DC /* UIViewController+TransitionHandler.swift in Sources */ = {isa = PBXBuildFile; fileRef = BCE6D3D71D92F1530079B9DC /* UIViewController+TransitionHandler.swift */; };
		BCE6D3DD1D92F1530079B9DC /* ViewInput.swift in Sources */ = {isa = PBXBuildFile; fileRef = BCE6D3D81D92F1530079B9DC /* ViewInput.swift */; };
		BCE6D3DF1D92F16F0079B9DC /* UIViewController+showAlertView.swift in Sources */ = {isa = PBXBuildFile; fileRef = BCE6D3DE1D92F16F0079B9DC /* UIViewController+showAlertView.swift */; };
		BCE6D3E11D92F61A0079B9DC /* SwinjectStoryboard.swift in Sources */ = {isa = PBXBuildFile; fileRef = BCE6D3E01D92F61A0079B9DC /* SwinjectStoryboard.swift */; };
		BFA30AA98C31B2B1A4218AEF /* MapModuleInput.swift in Sources */ = {isa = PBXBuildFile; fileRef = 40A68688656CB3B7A85AE9A7 /* MapModuleInput.swift */; };
		C50F561ADF49B1957D0D8B86 /* CitiesViewOutput.swift in Sources */ = {isa = PBXBuildFile; fileRef = 56A1C030C6CE7A9D5F98EAF4 /* CitiesViewOutput.swift */; };
		CA6E891C273D6514D2A1F419 /* MapRouterInput.swift in Sources */ = {isa = PBXBuildFile; fileRef = 106F92CEC541C7E8F1218B2E /* MapRouterInput.swift */; };
		EF373537BC899C3C3AA74A58 /* MapRouter.swift in Sources */ = {isa = PBXBuildFile; fileRef = 97B164AC42AC5653014A9D90 /* MapRouter.swift */; };
		F07189B4110ACBDC8EC00BE1 /* CitiesAssembly.swift in Sources */ = {isa = PBXBuildFile; fileRef = 6125A6B7301832EC6D71AE3E /* CitiesAssembly.swift */; };
		FE1C8CFCBD0BD8CF6B25D960 /* MapAssembly.swift in Sources */ = {isa = PBXBuildFile; fileRef = EDC0CCAB5A740D790F612C58 /* MapAssembly.swift */; };
/* End PBXBuildFile section */

/* Begin PBXFileReference section */
		067A1263CF538A88A3683EA8 /* MapInteractor.swift */ = {isa = PBXFileReference; includeInIndex = 1; lastKnownFileType = sourcecode.swift; path = MapInteractor.swift; sourceTree = "<group>"; };
		106F92CEC541C7E8F1218B2E /* MapRouterInput.swift */ = {isa = PBXFileReference; includeInIndex = 1; lastKnownFileType = sourcecode.swift; path = MapRouterInput.swift; sourceTree = "<group>"; };
		165662B177482BD22F3A3504 /* MapViewOutput.swift */ = {isa = PBXFileReference; includeInIndex = 1; lastKnownFileType = sourcecode.swift; path = MapViewOutput.swift; sourceTree = "<group>"; };
		231791DA2FFE7B371DA5A766 /* MapViewController.swift */ = {isa = PBXFileReference; includeInIndex = 1; lastKnownFileType = sourcecode.swift; path = MapViewController.swift; sourceTree = "<group>"; };
		2DAF1A4C79E7E26F6B128CBE /* MapViewInput.swift */ = {isa = PBXFileReference; includeInIndex = 1; lastKnownFileType = sourcecode.swift; path = MapViewInput.swift; sourceTree = "<group>"; };
		40A68688656CB3B7A85AE9A7 /* MapModuleInput.swift */ = {isa = PBXFileReference; includeInIndex = 1; lastKnownFileType = sourcecode.swift; path = MapModuleInput.swift; sourceTree = "<group>"; };
		510F4584A23B5E0675A42393 /* CitiesViewInput.swift */ = {isa = PBXFileReference; includeInIndex = 1; lastKnownFileType = sourcecode.swift; path = CitiesViewInput.swift; sourceTree = "<group>"; };
		51DC5F9A7CE099E039C067D9 /* MapPresenter.swift */ = {isa = PBXFileReference; includeInIndex = 1; lastKnownFileType = sourcecode.swift; path = MapPresenter.swift; sourceTree = "<group>"; };
		56A1C030C6CE7A9D5F98EAF4 /* CitiesViewOutput.swift */ = {isa = PBXFileReference; includeInIndex = 1; lastKnownFileType = sourcecode.swift; path = CitiesViewOutput.swift; sourceTree = "<group>"; };
		6125A6B7301832EC6D71AE3E /* CitiesAssembly.swift */ = {isa = PBXFileReference; includeInIndex = 1; lastKnownFileType = sourcecode.swift; path = CitiesAssembly.swift; sourceTree = "<group>"; };
		63BB57CF99BF6C0BDD9E823A /* CitiesInteractor.swift */ = {isa = PBXFileReference; includeInIndex = 1; lastKnownFileType = sourcecode.swift; path = CitiesInteractor.swift; sourceTree = "<group>"; };
		7BE608BF0553851F788CDB19 /* CitiesPresenter.swift */ = {isa = PBXFileReference; includeInIndex = 1; lastKnownFileType = sourcecode.swift; path = CitiesPresenter.swift; sourceTree = "<group>"; };
		837A083F3149B64AC1302B35 /* MapInteractorInput.swift */ = {isa = PBXFileReference; includeInIndex = 1; lastKnownFileType = sourcecode.swift; path = MapInteractorInput.swift; sourceTree = "<group>"; };
		8FA9D054CB196575F4C1010B /* Pods-taxik-test.debug.xcconfig */ = {isa = PBXFileReference; includeInIndex = 1; lastKnownFileType = text.xcconfig; name = "Pods-taxik-test.debug.xcconfig"; path = "Pods/Target Support Files/Pods-taxik-test/Pods-taxik-test.debug.xcconfig"; sourceTree = "<group>"; };
		913D8B918417FB5EBD4D7805 /* CitiesInteractorOutput.swift */ = {isa = PBXFileReference; includeInIndex = 1; lastKnownFileType = sourcecode.swift; path = CitiesInteractorOutput.swift; sourceTree = "<group>"; };
		97B164AC42AC5653014A9D90 /* MapRouter.swift */ = {isa = PBXFileReference; includeInIndex = 1; lastKnownFileType = sourcecode.swift; path = MapRouter.swift; sourceTree = "<group>"; };
		B0C1F8FB5C970F4F0740BF03 /* CitiesModuleInput.swift */ = {isa = PBXFileReference; includeInIndex = 1; lastKnownFileType = sourcecode.swift; path = CitiesModuleInput.swift; sourceTree = "<group>"; };
		B35919FE81B63B2129D57B18 /* MapInteractorOutput.swift */ = {isa = PBXFileReference; includeInIndex = 1; lastKnownFileType = sourcecode.swift; path = MapInteractorOutput.swift; sourceTree = "<group>"; };
		BC62402F1D9302C700F513C9 /* ErrorEntities.swift */ = {isa = PBXFileReference; fileEncoding = 4; lastKnownFileType = sourcecode.swift; name = ErrorEntities.swift; path = Model/Entities/ErrorEntities.swift; sourceTree = "<group>"; };
		BC6240371D93033F00F513C9 /* NetworkModelAssembly.swift */ = {isa = PBXFileReference; fileEncoding = 4; lastKnownFileType = sourcecode.swift; name = NetworkModelAssembly.swift; path = Model/Assembly/NetworkModelAssembly.swift; sourceTree = "<group>"; };
		BC6240391D93034E00F513C9 /* AlamofireNetworking.swift */ = {isa = PBXFileReference; fileEncoding = 4; lastKnownFileType = sourcecode.swift; name = AlamofireNetworking.swift; path = Model/Networking/AlamofireNetworking.swift; sourceTree = "<group>"; };
		BC62403A1D93034E00F513C9 /* NetworkingType.swift */ = {isa = PBXFileReference; fileEncoding = 4; lastKnownFileType = sourcecode.swift; name = NetworkingType.swift; path = Model/Networking/NetworkingType.swift; sourceTree = "<group>"; };
		BC62403D1D93193400F513C9 /* CityRepositoryType.swift */ = {isa = PBXFileReference; fileEncoding = 4; lastKnownFileType = sourcecode.swift; name = CityRepositoryType.swift; path = Model/Repositories/CityRepositoryType.swift; sourceTree = "<group>"; };
		BC6240411D931CFF00F513C9 /* City.swift */ = {isa = PBXFileReference; fileEncoding = 4; lastKnownFileType = sourcecode.swift; name = City.swift; path = Model/Entities/City.swift; sourceTree = "<group>"; };
		BC6240431D931FAD00F513C9 /* CardProcessing.swift */ = {isa = PBXFileReference; fileEncoding = 4; lastKnownFileType = sourcecode.swift; name = CardProcessing.swift; path = Model/Entities/CardProcessing.swift; sourceTree = "<group>"; };
		BC6240451D9322D700F513C9 /* CityRepository.swift */ = {isa = PBXFileReference; fileEncoding = 4; lastKnownFileType = sourcecode.swift; name = CityRepository.swift; path = Model/Repositories/CityRepository.swift; sourceTree = "<group>"; };
		BC6240491D93254F00F513C9 /* CityService.swift */ = {isa = PBXFileReference; fileEncoding = 4; lastKnownFileType = sourcecode.swift; name = CityService.swift; path = Model/Services/CityService.swift; sourceTree = "<group>"; };
		BC62404B1D93258B00F513C9 /* CityServiceType.swift */ = {isa = PBXFileReference; fileEncoding = 4; lastKnownFileType = sourcecode.swift; name = CityServiceType.swift; path = Model/Services/CityServiceType.swift; sourceTree = "<group>"; };
		BC62404D1D9325F000F513C9 /* CityModelAssembly.swift */ = {isa = PBXFileReference; fileEncoding = 4; lastKnownFileType = sourcecode.swift; name = CityModelAssembly.swift; path = Model/Assembly/CityModelAssembly.swift; sourceTree = "<group>"; };
		BC62404F1D93297200F513C9 /* CitiesDisplayManager.swift */ = {isa = PBXFileReference; fileEncoding = 4; lastKnownFileType = sourcecode.swift; path = CitiesDisplayManager.swift; sourceTree = "<group>"; };
		BC6240511D932D2500F513C9 /* CityCell.swift */ = {isa = PBXFileReference; fileEncoding = 4; lastKnownFileType = sourcecode.swift; path = CityCell.swift; sourceTree = "<group>"; };
		BC6240531D9331AB00F513C9 /* Cities.swift */ = {isa = PBXFileReference; fileEncoding = 4; lastKnownFileType = sourcecode.swift; name = Cities.swift; path = Model/Entities/Cities.swift; sourceTree = "<group>"; };
		BCE6D3BC1D92E1520079B9DC /* taxik-test.app */ = {isa = PBXFileReference; explicitFileType = wrapper.application; includeInIndex = 0; path = "taxik-test.app"; sourceTree = BUILT_PRODUCTS_DIR; };
		BCE6D3BF1D92E1520079B9DC /* AppDelegate.swift */ = {isa = PBXFileReference; lastKnownFileType = sourcecode.swift; path = AppDelegate.swift; sourceTree = "<group>"; };
		BCE6D3C41D92E1520079B9DC /* Base */ = {isa = PBXFileReference; lastKnownFileType = file.storyboard; name = Base; path = Base.lproj/Main.storyboard; sourceTree = "<group>"; };
		BCE6D3C61D92E1520079B9DC /* Assets.xcassets */ = {isa = PBXFileReference; lastKnownFileType = folder.assetcatalog; path = Assets.xcassets; sourceTree = "<group>"; };
		BCE6D3C91D92E1520079B9DC /* Base */ = {isa = PBXFileReference; lastKnownFileType = file.storyboard; name = Base; path = Base.lproj/LaunchScreen.storyboard; sourceTree = "<group>"; };
		BCE6D3CB1D92E1520079B9DC /* Info.plist */ = {isa = PBXFileReference; lastKnownFileType = text.plist.xml; path = Info.plist; sourceTree = "<group>"; };
		BCE6D3D41D92F1530079B9DC /* ModuleInput.swift */ = {isa = PBXFileReference; fileEncoding = 4; lastKnownFileType = sourcecode.swift; name = ModuleInput.swift; path = Helpers/Viper/ModuleInput.swift; sourceTree = "<group>"; };
		BCE6D3D51D92F1530079B9DC /* ModuleInputProvider.swift */ = {isa = PBXFileReference; fileEncoding = 4; lastKnownFileType = sourcecode.swift; name = ModuleInputProvider.swift; path = Helpers/Viper/ModuleInputProvider.swift; sourceTree = "<group>"; };
		BCE6D3D61D92F1530079B9DC /* TransitionHandler.swift */ = {isa = PBXFileReference; fileEncoding = 4; lastKnownFileType = sourcecode.swift; name = TransitionHandler.swift; path = Helpers/Viper/TransitionHandler.swift; sourceTree = "<group>"; };
		BCE6D3D71D92F1530079B9DC /* UIViewController+TransitionHandler.swift */ = {isa = PBXFileReference; fileEncoding = 4; lastKnownFileType = sourcecode.swift; name = "UIViewController+TransitionHandler.swift"; path = "Helpers/Viper/UIViewController+TransitionHandler.swift"; sourceTree = "<group>"; };
		BCE6D3D81D92F1530079B9DC /* ViewInput.swift */ = {isa = PBXFileReference; fileEncoding = 4; lastKnownFileType = sourcecode.swift; name = ViewInput.swift; path = Helpers/Viper/ViewInput.swift; sourceTree = "<group>"; };
		BCE6D3DE1D92F16F0079B9DC /* UIViewController+showAlertView.swift */ = {isa = PBXFileReference; fileEncoding = 4; lastKnownFileType = sourcecode.swift; name = "UIViewController+showAlertView.swift"; path = "Helpers/Extensions/UIViewController+showAlertView.swift"; sourceTree = "<group>"; };
		BCE6D3E01D92F61A0079B9DC /* SwinjectStoryboard.swift */ = {isa = PBXFileReference; fileEncoding = 4; lastKnownFileType = sourcecode.swift; path = SwinjectStoryboard.swift; sourceTree = "<group>"; };
		CAE7C8250EAEE78A1214E2C7 /* CitiesRouterInput.swift */ = {isa = PBXFileReference; includeInIndex = 1; lastKnownFileType = sourcecode.swift; path = CitiesRouterInput.swift; sourceTree = "<group>"; };
		CFB4977BA3C76868AD89D743 /* CitiesViewController.swift */ = {isa = PBXFileReference; includeInIndex = 1; lastKnownFileType = sourcecode.swift; path = CitiesViewController.swift; sourceTree = "<group>"; };
		D49B2F3E18BA072A997D8178 /* CitiesInteractorInput.swift */ = {isa = PBXFileReference; includeInIndex = 1; lastKnownFileType = sourcecode.swift; path = CitiesInteractorInput.swift; sourceTree = "<group>"; };
		D85CB82B9CF5CB8F1C0E0260 /* CitiesRouter.swift */ = {isa = PBXFileReference; includeInIndex = 1; lastKnownFileType = sourcecode.swift; path = CitiesRouter.swift; sourceTree = "<group>"; };
		DF823DE716D99C1BF2EF8DBF /* Pods_taxik_test.framework */ = {isa = PBXFileReference; explicitFileType = wrapper.framework; includeInIndex = 0; path = Pods_taxik_test.framework; sourceTree = BUILT_PRODUCTS_DIR; };
		EA1F4DF898BC1C05C8A77C64 /* Pods-taxik-test.release.xcconfig */ = {isa = PBXFileReference; includeInIndex = 1; lastKnownFileType = text.xcconfig; name = "Pods-taxik-test.release.xcconfig"; path = "Pods/Target Support Files/Pods-taxik-test/Pods-taxik-test.release.xcconfig"; sourceTree = "<group>"; };
		EDC0CCAB5A740D790F612C58 /* MapAssembly.swift */ = {isa = PBXFileReference; includeInIndex = 1; lastKnownFileType = sourcecode.swift; path = MapAssembly.swift; sourceTree = "<group>"; };
/* End PBXFileReference section */

/* Begin PBXFrameworksBuildPhase section */
		BCE6D3B91D92E1510079B9DC /* Frameworks */ = {
			isa = PBXFrameworksBuildPhase;
			buildActionMask = 2147483647;
			files = (
				0329D73CB771D063E241010A /* Pods_taxik_test.framework in Frameworks */,
			);
			runOnlyForDeploymentPostprocessing = 0;
		};
/* End PBXFrameworksBuildPhase section */

/* Begin PBXGroup section */
		22CDFCAAFF9CEFC1F5A3EA4E /* Presenter */ = {
			isa = PBXGroup;
			children = (
				B0C1F8FB5C970F4F0740BF03 /* CitiesModuleInput.swift */,
				7BE608BF0553851F788CDB19 /* CitiesPresenter.swift */,
			);
			path = Presenter;
			sourceTree = "<group>";
		};
		3EC7970BBBD5C43DCD705147 /* View */ = {
			isa = PBXGroup;
			children = (
				2DAF1A4C79E7E26F6B128CBE /* MapViewInput.swift */,
				165662B177482BD22F3A3504 /* MapViewOutput.swift */,
				231791DA2FFE7B371DA5A766 /* MapViewController.swift */,
			);
			path = View;
			sourceTree = "<group>";
		};
		5A5FB67C5CE31A9DA329E6F2 /* Map */ = {
			isa = PBXGroup;
			children = (
				3EC7970BBBD5C43DCD705147 /* View */,
				8B1F3A3AD0878B14374FA07B /* Presenter */,
				C65AA3F8DC76BCD6BECD5336 /* Interactor */,
				A1E9D2DF1D1A6385E23DC24A /* Router */,
				F76565F4E1DAFBE886320977 /* Assembly */,
			);
			path = Map;
			sourceTree = "<group>";
		};
		61535FF48A50DE2AE1B68F32 /* Assembly */ = {
			isa = PBXGroup;
			children = (
				6125A6B7301832EC6D71AE3E /* CitiesAssembly.swift */,
			);
			path = Assembly;
			sourceTree = "<group>";
		};
		79F3D75099FB7692C5A9A6D9 /* View */ = {
			isa = PBXGroup;
			children = (
				510F4584A23B5E0675A42393 /* CitiesViewInput.swift */,
				56A1C030C6CE7A9D5F98EAF4 /* CitiesViewOutput.swift */,
				CFB4977BA3C76868AD89D743 /* CitiesViewController.swift */,
				BC62404F1D93297200F513C9 /* CitiesDisplayManager.swift */,
				BC6240511D932D2500F513C9 /* CityCell.swift */,
			);
			path = View;
			sourceTree = "<group>";
		};
		87E748CEBC7643ABF1A95CA2 /* Frameworks */ = {
			isa = PBXGroup;
			children = (
				DF823DE716D99C1BF2EF8DBF /* Pods_taxik_test.framework */,
			);
			name = Frameworks;
			sourceTree = "<group>";
		};
		8B1F3A3AD0878B14374FA07B /* Presenter */ = {
			isa = PBXGroup;
			children = (
				40A68688656CB3B7A85AE9A7 /* MapModuleInput.swift */,
				51DC5F9A7CE099E039C067D9 /* MapPresenter.swift */,
			);
			path = Presenter;
			sourceTree = "<group>";
		};
		99CA7908387FB8FA4F3864B5 /* UseCases */ = {
			isa = PBXGroup;
			children = (
				BCE6D3E01D92F61A0079B9DC /* SwinjectStoryboard.swift */,
				F780930BFDA7255A1BCD2340 /* Cities */,
				5A5FB67C5CE31A9DA329E6F2 /* Map */,
			);
			path = UseCases;
			sourceTree = "<group>";
		};
		A1E9D2DF1D1A6385E23DC24A /* Router */ = {
			isa = PBXGroup;
			children = (
				106F92CEC541C7E8F1218B2E /* MapRouterInput.swift */,
				97B164AC42AC5653014A9D90 /* MapRouter.swift */,
			);
			path = Router;
			sourceTree = "<group>";
		};
		BC62402D1D9302AB00F513C9 /* Model */ = {
			isa = PBXGroup;
			children = (
				BC6240311D9302CC00F513C9 /* Assemblies */,
				BC62402E1D9302B600F513C9 /* Entities */,
				BC6240341D93030600F513C9 /* Networking */,
				BC6240331D9302F400F513C9 /* Services */,
				BC6240321D9302E400F513C9 /* Repositories */,
			);
			name = Model;
			sourceTree = "<group>";
		};
		BC62402E1D9302B600F513C9 /* Entities */ = {
			isa = PBXGroup;
			children = (
				BC6240431D931FAD00F513C9 /* CardProcessing.swift */,
				BC62402F1D9302C700F513C9 /* ErrorEntities.swift */,
				BC6240411D931CFF00F513C9 /* City.swift */,
				BC6240531D9331AB00F513C9 /* Cities.swift */,
			);
			name = Entities;
			sourceTree = "<group>";
		};
		BC6240311D9302CC00F513C9 /* Assemblies */ = {
			isa = PBXGroup;
			children = (
				BC6240371D93033F00F513C9 /* NetworkModelAssembly.swift */,
				BC62404D1D9325F000F513C9 /* CityModelAssembly.swift */,
			);
			name = Assemblies;
			sourceTree = "<group>";
		};
		BC6240321D9302E400F513C9 /* Repositories */ = {
			isa = PBXGroup;
			children = (
				BC62403D1D93193400F513C9 /* CityRepositoryType.swift */,
				BC6240451D9322D700F513C9 /* CityRepository.swift */,
			);
			name = Repositories;
			sourceTree = "<group>";
		};
		BC6240331D9302F400F513C9 /* Services */ = {
			isa = PBXGroup;
			children = (
				BC62404B1D93258B00F513C9 /* CityServiceType.swift */,
				BC6240491D93254F00F513C9 /* CityService.swift */,
			);
			name = Services;
			sourceTree = "<group>";
		};
		BC6240341D93030600F513C9 /* Networking */ = {
			isa = PBXGroup;
			children = (
				BC6240391D93034E00F513C9 /* AlamofireNetworking.swift */,
				BC62403A1D93034E00F513C9 /* NetworkingType.swift */,
			);
			name = Networking;
			sourceTree = "<group>";
		};
		BCE6D3B31D92E1510079B9DC = {
			isa = PBXGroup;
			children = (
				BCE6D3BE1D92E1520079B9DC /* taxik-test */,
				BCE6D3BD1D92E1520079B9DC /* Products */,
				D53C4CD64F09D1613564AE9F /* Pods */,
				87E748CEBC7643ABF1A95CA2 /* Frameworks */,
			);
			sourceTree = "<group>";
		};
		BCE6D3BD1D92E1520079B9DC /* Products */ = {
			isa = PBXGroup;
			children = (
				BCE6D3BC1D92E1520079B9DC /* taxik-test.app */,
			);
			name = Products;
			sourceTree = "<group>";
		};
		BCE6D3BE1D92E1520079B9DC /* taxik-test */ = {
			isa = PBXGroup;
			children = (
				BC62402D1D9302AB00F513C9 /* Model */,
				BCE6D3D11D92ECE20079B9DC /* Helpers */,
				BCE6D3BF1D92E1520079B9DC /* AppDelegate.swift */,
				BCE6D3C31D92E1520079B9DC /* Main.storyboard */,
				BCE6D3C61D92E1520079B9DC /* Assets.xcassets */,
				BCE6D3C81D92E1520079B9DC /* LaunchScreen.storyboard */,
				BCE6D3CB1D92E1520079B9DC /* Info.plist */,
				99CA7908387FB8FA4F3864B5 /* UseCases */,
			);
			path = "taxik-test";
			sourceTree = "<group>";
		};
		BCE6D3D11D92ECE20079B9DC /* Helpers */ = {
			isa = PBXGroup;
			children = (
				BCE6D3D31D92F1410079B9DC /* Extensions */,
				BCE6D3D21D92ECF40079B9DC /* VIPER */,
			);
			name = Helpers;
			sourceTree = "<group>";
		};
		BCE6D3D21D92ECF40079B9DC /* VIPER */ = {
			isa = PBXGroup;
			children = (
				BCE6D3D41D92F1530079B9DC /* ModuleInput.swift */,
				BCE6D3D51D92F1530079B9DC /* ModuleInputProvider.swift */,
				BCE6D3D61D92F1530079B9DC /* TransitionHandler.swift */,
				BCE6D3D71D92F1530079B9DC /* UIViewController+TransitionHandler.swift */,
				BCE6D3D81D92F1530079B9DC /* ViewInput.swift */,
			);
			name = VIPER;
			sourceTree = "<group>";
		};
		BCE6D3D31D92F1410079B9DC /* Extensions */ = {
			isa = PBXGroup;
			children = (
				BCE6D3DE1D92F16F0079B9DC /* UIViewController+showAlertView.swift */,
			);
			name = Extensions;
			sourceTree = "<group>";
		};
		C65AA3F8DC76BCD6BECD5336 /* Interactor */ = {
			isa = PBXGroup;
			children = (
				837A083F3149B64AC1302B35 /* MapInteractorInput.swift */,
				B35919FE81B63B2129D57B18 /* MapInteractorOutput.swift */,
				067A1263CF538A88A3683EA8 /* MapInteractor.swift */,
			);
			path = Interactor;
			sourceTree = "<group>";
		};
		D53C4CD64F09D1613564AE9F /* Pods */ = {
			isa = PBXGroup;
			children = (
				8FA9D054CB196575F4C1010B /* Pods-taxik-test.debug.xcconfig */,
				EA1F4DF898BC1C05C8A77C64 /* Pods-taxik-test.release.xcconfig */,
			);
			name = Pods;
			sourceTree = "<group>";
		};
		D581DF843DBE9D0A8CE610E7 /* Interactor */ = {
			isa = PBXGroup;
			children = (
				D49B2F3E18BA072A997D8178 /* CitiesInteractorInput.swift */,
				913D8B918417FB5EBD4D7805 /* CitiesInteractorOutput.swift */,
				63BB57CF99BF6C0BDD9E823A /* CitiesInteractor.swift */,
			);
			path = Interactor;
			sourceTree = "<group>";
		};
		F5BA0ACEB10C570C1E06602D /* Router */ = {
			isa = PBXGroup;
			children = (
				CAE7C8250EAEE78A1214E2C7 /* CitiesRouterInput.swift */,
				D85CB82B9CF5CB8F1C0E0260 /* CitiesRouter.swift */,
			);
			path = Router;
			sourceTree = "<group>";
		};
		F76565F4E1DAFBE886320977 /* Assembly */ = {
			isa = PBXGroup;
			children = (
				EDC0CCAB5A740D790F612C58 /* MapAssembly.swift */,
			);
			path = Assembly;
			sourceTree = "<group>";
		};
		F780930BFDA7255A1BCD2340 /* Cities */ = {
			isa = PBXGroup;
			children = (
				79F3D75099FB7692C5A9A6D9 /* View */,
				22CDFCAAFF9CEFC1F5A3EA4E /* Presenter */,
				D581DF843DBE9D0A8CE610E7 /* Interactor */,
				F5BA0ACEB10C570C1E06602D /* Router */,
				61535FF48A50DE2AE1B68F32 /* Assembly */,
			);
			path = Cities;
			sourceTree = "<group>";
		};
/* End PBXGroup section */

/* Begin PBXNativeTarget section */
		BCE6D3BB1D92E1510079B9DC /* taxik-test */ = {
			isa = PBXNativeTarget;
			buildConfigurationList = BCE6D3CE1D92E1520079B9DC /* Build configuration list for PBXNativeTarget "taxik-test" */;
			buildPhases = (
				E344EDF9C33776DB3731C543 /* [CP] Check Pods Manifest.lock */,
				BCE6D3B81D92E1510079B9DC /* Sources */,
				BCE6D3B91D92E1510079B9DC /* Frameworks */,
				BCE6D3BA1D92E1510079B9DC /* Resources */,
				F2F23A0EB78D7696B164F979 /* [CP] Embed Pods Frameworks */,
				F5F58979902731DE68FDDF17 /* [CP] Copy Pods Resources */,
			);
			buildRules = (
			);
			dependencies = (
			);
			name = "taxik-test";
			productName = "taxik-test";
			productReference = BCE6D3BC1D92E1520079B9DC /* taxik-test.app */;
			productType = "com.apple.product-type.application";
		};
/* End PBXNativeTarget section */

/* Begin PBXProject section */
		BCE6D3B41D92E1510079B9DC /* Project object */ = {
			isa = PBXProject;
			attributes = {
				LastSwiftUpdateCheck = 0800;
				LastUpgradeCheck = 0800;
				ORGANIZATIONNAME = "Aleksandr Myaots";
				TargetAttributes = {
					BCE6D3BB1D92E1510079B9DC = {
						CreatedOnToolsVersion = 8.0;
						ProvisioningStyle = Automatic;
					};
				};
			};
			buildConfigurationList = BCE6D3B71D92E1510079B9DC /* Build configuration list for PBXProject "taxik-test" */;
			compatibilityVersion = "Xcode 3.2";
			developmentRegion = English;
			hasScannedForEncodings = 0;
			knownRegions = (
				en,
				Base,
			);
			mainGroup = BCE6D3B31D92E1510079B9DC;
			productRefGroup = BCE6D3BD1D92E1520079B9DC /* Products */;
			projectDirPath = "";
			projectRoot = "";
			targets = (
				BCE6D3BB1D92E1510079B9DC /* taxik-test */,
			);
		};
/* End PBXProject section */

/* Begin PBXResourcesBuildPhase section */
		BCE6D3BA1D92E1510079B9DC /* Resources */ = {
			isa = PBXResourcesBuildPhase;
			buildActionMask = 2147483647;
			files = (
				BCE6D3CA1D92E1520079B9DC /* LaunchScreen.storyboard in Resources */,
				BCE6D3C71D92E1520079B9DC /* Assets.xcassets in Resources */,
				BCE6D3C51D92E1520079B9DC /* Main.storyboard in Resources */,
			);
			runOnlyForDeploymentPostprocessing = 0;
		};
/* End PBXResourcesBuildPhase section */

/* Begin PBXShellScriptBuildPhase section */
		E344EDF9C33776DB3731C543 /* [CP] Check Pods Manifest.lock */ = {
			isa = PBXShellScriptBuildPhase;
			buildActionMask = 2147483647;
			files = (
			);
			inputPaths = (
			);
			name = "[CP] Check Pods Manifest.lock";
			outputPaths = (
			);
			runOnlyForDeploymentPostprocessing = 0;
			shellPath = /bin/sh;
			shellScript = "diff \"${PODS_ROOT}/../Podfile.lock\" \"${PODS_ROOT}/Manifest.lock\" > /dev/null\nif [ $? != 0 ] ; then\n    # print error to STDERR\n    echo \"error: The sandbox is not in sync with the Podfile.lock. Run 'pod install' or update your CocoaPods installation.\" >&2\n    exit 1\nfi\n";
			showEnvVarsInLog = 0;
		};
		F2F23A0EB78D7696B164F979 /* [CP] Embed Pods Frameworks */ = {
			isa = PBXShellScriptBuildPhase;
			buildActionMask = 2147483647;
			files = (
			);
			inputPaths = (
			);
			name = "[CP] Embed Pods Frameworks";
			outputPaths = (
			);
			runOnlyForDeploymentPostprocessing = 0;
			shellPath = /bin/sh;
			shellScript = "\"${SRCROOT}/Pods/Target Support Files/Pods-taxik-test/Pods-taxik-test-frameworks.sh\"\n";
			showEnvVarsInLog = 0;
		};
		F5F58979902731DE68FDDF17 /* [CP] Copy Pods Resources */ = {
			isa = PBXShellScriptBuildPhase;
			buildActionMask = 2147483647;
			files = (
			);
			inputPaths = (
			);
			name = "[CP] Copy Pods Resources";
			outputPaths = (
			);
			runOnlyForDeploymentPostprocessing = 0;
			shellPath = /bin/sh;
			shellScript = "\"${SRCROOT}/Pods/Target Support Files/Pods-taxik-test/Pods-taxik-test-resources.sh\"\n";
			showEnvVarsInLog = 0;
		};
/* End PBXShellScriptBuildPhase section */

/* Begin PBXSourcesBuildPhase section */
		BCE6D3B81D92E1510079B9DC /* Sources */ = {
			isa = PBXSourcesBuildPhase;
			buildActionMask = 2147483647;
			files = (
				BCE6D3C01D92E1520079B9DC /* AppDelegate.swift in Sources */,
				BC6240301D9302C700F513C9 /* ErrorEntities.swift in Sources */,
				BC6240521D932D2500F513C9 /* CityCell.swift in Sources */,
				BC62403B1D93034E00F513C9 /* AlamofireNetworking.swift in Sources */,
				BC6240501D93297200F513C9 /* CitiesDisplayManager.swift in Sources */,
				3D905AC0185CB85D63E033FA /* CitiesViewInput.swift in Sources */,
				BC6240541D9331AB00F513C9 /* Cities.swift in Sources */,
				BCE6D3E11D92F61A0079B9DC /* SwinjectStoryboard.swift in Sources */,
				BCE6D3DD1D92F1530079B9DC /* ViewInput.swift in Sources */,
				BC6240421D931CFF00F513C9 /* City.swift in Sources */,
				BCE6D3DF1D92F16F0079B9DC /* UIViewController+showAlertView.swift in Sources */,
				C50F561ADF49B1957D0D8B86 /* CitiesViewOutput.swift in Sources */,
				BC62404C1D93258B00F513C9 /* CityServiceType.swift in Sources */,
				BC62403E1D93193400F513C9 /* CityRepositoryType.swift in Sources */,
				141F317F9F47094ADB37A65C /* CitiesViewController.swift in Sources */,
				1E9A4939624C192C8EBFCACD /* CitiesModuleInput.swift in Sources */,
				4DD274053C2714270DCDA75C /* CitiesPresenter.swift in Sources */,
				BC6240381D93033F00F513C9 /* NetworkModelAssembly.swift in Sources */,
				BCE6D3DA1D92F1530079B9DC /* ModuleInputProvider.swift in Sources */,
				BCE6D3DC1D92F1530079B9DC /* UIViewController+TransitionHandler.swift in Sources */,
				2B290F4E5FD64C9458B25739 /* CitiesInteractorInput.swift in Sources */,
				BC6240461D9322D700F513C9 /* CityRepository.swift in Sources */,
				8DF7F05A7BD7EA2D82EFDC26 /* CitiesInteractorOutput.swift in Sources */,
				0D56E3EE9B2A6EA77657F3B4 /* CitiesInteractor.swift in Sources */,
				BCE6D3DB1D92F1530079B9DC /* TransitionHandler.swift in Sources */,
				BC6240441D931FAD00F513C9 /* CardProcessing.swift in Sources */,
				1D67862EE38E62B12FDA2348 /* CitiesRouterInput.swift in Sources */,
				7C7DB1ED76ADE86F56CA5D17 /* CitiesRouter.swift in Sources */,
				BCE6D3D91D92F1530079B9DC /* ModuleInput.swift in Sources */,
				BC62404A1D93254F00F513C9 /* CityService.swift in Sources */,
				BC62403C1D93034E00F513C9 /* NetworkingType.swift in Sources */,
				BC62404E1D9325F000F513C9 /* CityModelAssembly.swift in Sources */,
				F07189B4110ACBDC8EC00BE1 /* CitiesAssembly.swift in Sources */,
				6B35B96F0A70CBD7BB4CA3E1 /* MapViewInput.swift in Sources */,
				455C2313B5B528CBBF7733DA /* MapViewOutput.swift in Sources */,
				4E76DBE2A7B5B03424DD4E29 /* MapViewController.swift in Sources */,
				BFA30AA98C31B2B1A4218AEF /* MapModuleInput.swift in Sources */,
				7E3177EF6A35CA7519008165 /* MapPresenter.swift in Sources */,
				A1A5300FDF28FD82A585FAD3 /* MapInteractorInput.swift in Sources */,
				AB32AFA5CF6755E449DDEF26 /* MapInteractorOutput.swift in Sources */,
				1EA9C6E003A2C68DE54F95F2 /* MapInteractor.swift in Sources */,
				CA6E891C273D6514D2A1F419 /* MapRouterInput.swift in Sources */,
				EF373537BC899C3C3AA74A58 /* MapRouter.swift in Sources */,
				FE1C8CFCBD0BD8CF6B25D960 /* MapAssembly.swift in Sources */,
			);
			runOnlyForDeploymentPostprocessing = 0;
		};
/* End PBXSourcesBuildPhase section */

/* Begin PBXVariantGroup section */
		BCE6D3C31D92E1520079B9DC /* Main.storyboard */ = {
			isa = PBXVariantGroup;
			children = (
				BCE6D3C41D92E1520079B9DC /* Base */,
			);
			name = Main.storyboard;
			sourceTree = "<group>";
		};
		BCE6D3C81D92E1520079B9DC /* LaunchScreen.storyboard */ = {
			isa = PBXVariantGroup;
			children = (
				BCE6D3C91D92E1520079B9DC /* Base */,
			);
			name = LaunchScreen.storyboard;
			sourceTree = "<group>";
		};
/* End PBXVariantGroup section */

/* Begin XCBuildConfiguration section */
		BCE6D3CC1D92E1520079B9DC /* Debug */ = {
			isa = XCBuildConfiguration;
			buildSettings = {
				ALWAYS_SEARCH_USER_PATHS = NO;
				CLANG_ANALYZER_NONNULL = YES;
				CLANG_CXX_LANGUAGE_STANDARD = "gnu++0x";
				CLANG_CXX_LIBRARY = "libc++";
				CLANG_ENABLE_MODULES = YES;
				CLANG_ENABLE_OBJC_ARC = YES;
				CLANG_WARN_BOOL_CONVERSION = YES;
				CLANG_WARN_CONSTANT_CONVERSION = YES;
				CLANG_WARN_DIRECT_OBJC_ISA_USAGE = YES_ERROR;
				CLANG_WARN_DOCUMENTATION_COMMENTS = YES;
				CLANG_WARN_EMPTY_BODY = YES;
				CLANG_WARN_ENUM_CONVERSION = YES;
				CLANG_WARN_INFINITE_RECURSION = YES;
				CLANG_WARN_INT_CONVERSION = YES;
				CLANG_WARN_OBJC_ROOT_CLASS = YES_ERROR;
				CLANG_WARN_SUSPICIOUS_MOVE = YES;
				CLANG_WARN_SUSPICIOUS_MOVES = YES;
				CLANG_WARN_UNREACHABLE_CODE = YES;
				CLANG_WARN__DUPLICATE_METHOD_MATCH = YES;
				"CODE_SIGN_IDENTITY[sdk=iphoneos*]" = "iPhone Developer";
				COPY_PHASE_STRIP = NO;
				DEBUG_INFORMATION_FORMAT = dwarf;
				ENABLE_STRICT_OBJC_MSGSEND = YES;
				ENABLE_TESTABILITY = YES;
				GCC_C_LANGUAGE_STANDARD = gnu99;
				GCC_DYNAMIC_NO_PIC = NO;
				GCC_NO_COMMON_BLOCKS = YES;
				GCC_OPTIMIZATION_LEVEL = 0;
				GCC_PREPROCESSOR_DEFINITIONS = (
					"DEBUG=1",
					"$(inherited)",
				);
				GCC_WARN_64_TO_32_BIT_CONVERSION = YES;
				GCC_WARN_ABOUT_RETURN_TYPE = YES_ERROR;
				GCC_WARN_UNDECLARED_SELECTOR = YES;
				GCC_WARN_UNINITIALIZED_AUTOS = YES_AGGRESSIVE;
				GCC_WARN_UNUSED_FUNCTION = YES;
				GCC_WARN_UNUSED_VARIABLE = YES;
				IPHONEOS_DEPLOYMENT_TARGET = 10.0;
				MTL_ENABLE_DEBUG_INFO = YES;
				ONLY_ACTIVE_ARCH = YES;
				SDKROOT = iphoneos;
				SWIFT_ACTIVE_COMPILATION_CONDITIONS = DEBUG;
				SWIFT_OPTIMIZATION_LEVEL = "-Onone";
				TARGETED_DEVICE_FAMILY = "1,2";
			};
			name = Debug;
		};
		BCE6D3CD1D92E1520079B9DC /* Release */ = {
			isa = XCBuildConfiguration;
			buildSettings = {
				ALWAYS_SEARCH_USER_PATHS = NO;
				CLANG_ANALYZER_NONNULL = YES;
				CLANG_CXX_LANGUAGE_STANDARD = "gnu++0x";
				CLANG_CXX_LIBRARY = "libc++";
				CLANG_ENABLE_MODULES = YES;
				CLANG_ENABLE_OBJC_ARC = YES;
				CLANG_WARN_BOOL_CONVERSION = YES;
				CLANG_WARN_CONSTANT_CONVERSION = YES;
				CLANG_WARN_DIRECT_OBJC_ISA_USAGE = YES_ERROR;
				CLANG_WARN_DOCUMENTATION_COMMENTS = YES;
				CLANG_WARN_EMPTY_BODY = YES;
				CLANG_WARN_ENUM_CONVERSION = YES;
				CLANG_WARN_INFINITE_RECURSION = YES;
				CLANG_WARN_INT_CONVERSION = YES;
				CLANG_WARN_OBJC_ROOT_CLASS = YES_ERROR;
				CLANG_WARN_SUSPICIOUS_MOVE = YES;
				CLANG_WARN_SUSPICIOUS_MOVES = YES;
				CLANG_WARN_UNREACHABLE_CODE = YES;
				CLANG_WARN__DUPLICATE_METHOD_MATCH = YES;
				"CODE_SIGN_IDENTITY[sdk=iphoneos*]" = "iPhone Developer";
				COPY_PHASE_STRIP = NO;
				DEBUG_INFORMATION_FORMAT = "dwarf-with-dsym";
				ENABLE_NS_ASSERTIONS = NO;
				ENABLE_STRICT_OBJC_MSGSEND = YES;
				GCC_C_LANGUAGE_STANDARD = gnu99;
				GCC_NO_COMMON_BLOCKS = YES;
				GCC_WARN_64_TO_32_BIT_CONVERSION = YES;
				GCC_WARN_ABOUT_RETURN_TYPE = YES_ERROR;
				GCC_WARN_UNDECLARED_SELECTOR = YES;
				GCC_WARN_UNINITIALIZED_AUTOS = YES_AGGRESSIVE;
				GCC_WARN_UNUSED_FUNCTION = YES;
				GCC_WARN_UNUSED_VARIABLE = YES;
				IPHONEOS_DEPLOYMENT_TARGET = 10.0;
				MTL_ENABLE_DEBUG_INFO = NO;
				SDKROOT = iphoneos;
				SWIFT_OPTIMIZATION_LEVEL = "-Owholemodule";
				TARGETED_DEVICE_FAMILY = "1,2";
				VALIDATE_PRODUCT = YES;
			};
			name = Release;
		};
		BCE6D3CF1D92E1520079B9DC /* Debug */ = {
			isa = XCBuildConfiguration;
			baseConfigurationReference = 8FA9D054CB196575F4C1010B /* Pods-taxik-test.debug.xcconfig */;
			buildSettings = {
				ALWAYS_EMBED_SWIFT_STANDARD_LIBRARIES = YES;
				ASSETCATALOG_COMPILER_APPICON_NAME = AppIcon;
				INFOPLIST_FILE = "taxik-test/Info.plist";
				LD_RUNPATH_SEARCH_PATHS = "$(inherited) @executable_path/Frameworks";
				PRODUCT_BUNDLE_IDENTIFIER = "myaots.taxik-test";
				PRODUCT_NAME = "$(TARGET_NAME)";
				SWIFT_VERSION = 3.0;
			};
			name = Debug;
		};
		BCE6D3D01D92E1520079B9DC /* Release */ = {
			isa = XCBuildConfiguration;
			baseConfigurationReference = EA1F4DF898BC1C05C8A77C64 /* Pods-taxik-test.release.xcconfig */;
			buildSettings = {
				ALWAYS_EMBED_SWIFT_STANDARD_LIBRARIES = YES;
				ASSETCATALOG_COMPILER_APPICON_NAME = AppIcon;
				INFOPLIST_FILE = "taxik-test/Info.plist";
				LD_RUNPATH_SEARCH_PATHS = "$(inherited) @executable_path/Frameworks";
				PRODUCT_BUNDLE_IDENTIFIER = "myaots.taxik-test";
				PRODUCT_NAME = "$(TARGET_NAME)";
				SWIFT_VERSION = 3.0;
			};
			name = Release;
		};
/* End XCBuildConfiguration section */

/* Begin XCConfigurationList section */
		BCE6D3B71D92E1510079B9DC /* Build configuration list for PBXProject "taxik-test" */ = {
			isa = XCConfigurationList;
			buildConfigurations = (
				BCE6D3CC1D92E1520079B9DC /* Debug */,
				BCE6D3CD1D92E1520079B9DC /* Release */,
			);
			defaultConfigurationIsVisible = 0;
			defaultConfigurationName = Release;
		};
		BCE6D3CE1D92E1520079B9DC /* Build configuration list for PBXNativeTarget "taxik-test" */ = {
			isa = XCConfigurationList;
			buildConfigurations = (
				BCE6D3CF1D92E1520079B9DC /* Debug */,
				BCE6D3D01D92E1520079B9DC /* Release */,
			);
			defaultConfigurationIsVisible = 0;
			defaultConfigurationName = Release;
		};
/* End XCConfigurationList section */
	};
	rootObject = BCE6D3B41D92E1510079B9DC /* Project object */;
}
