// !$*UTF8*$!
{
	archiveVersion = 1;
	classes = {
	};
	objectVersion = 46;
	objects = {

/* Begin PBXBuildFile section */
		BCE6D3C01D92E1520079B9DC /* AppDelegate.swift in Sources */ = {isa = PBXBuildFile; fileRef = BCE6D3BF1D92E1520079B9DC /* AppDelegate.swift */; };
		BCE6D3C21D92E1520079B9DC /* ViewController.swift in Sources */ = {isa = PBXBuildFile; fileRef = BCE6D3C11D92E1520079B9DC /* ViewController.swift */; };
		BCE6D3C51D92E1520079B9DC /* Main.storyboard in Resources */ = {isa = PBXBuildFile; fileRef = BCE6D3C31D92E1520079B9DC /* Main.storyboard */; };
		BCE6D3C71D92E1520079B9DC /* Assets.xcassets in Resources */ = {isa = PBXBuildFile; fileRef = BCE6D3C61D92E1520079B9DC /* Assets.xcassets */; };
		BCE6D3CA1D92E1520079B9DC /* LaunchScreen.storyboard in Resources */ = {isa = PBXBuildFile; fileRef = BCE6D3C81D92E1520079B9DC /* LaunchScreen.storyboard */; };
/* End PBXBuildFile section */

/* Begin PBXFileReference section */
		BCE6D3BC1D92E1520079B9DC /* taxik-test.app */ = {isa = PBXFileReference; explicitFileType = wrapper.application; includeInIndex = 0; path = "taxik-test.app"; sourceTree = BUILT_PRODUCTS_DIR; };
		BCE6D3BF1D92E1520079B9DC /* AppDelegate.swift */ = {isa = PBXFileReference; lastKnownFileType = sourcecode.swift; path = AppDelegate.swift; sourceTree = "<group>"; };
		BCE6D3C11D92E1520079B9DC /* ViewController.swift */ = {isa = PBXFileReference; lastKnownFileType = sourcecode.swift; path = ViewController.swift; sourceTree = "<group>"; };
		BCE6D3C41D92E1520079B9DC /* Base */ = {isa = PBXFileReference; lastKnownFileType = file.storyboard; name = Base; path = Base.lproj/Main.storyboard; sourceTree = "<group>"; };
		BCE6D3C61D92E1520079B9DC /* Assets.xcassets */ = {isa = PBXFileReference; lastKnownFileType = folder.assetcatalog; path = Assets.xcassets; sourceTree = "<group>"; };
		BCE6D3C91D92E1520079B9DC /* Base */ = {isa = PBXFileReference; lastKnownFileType = file.storyboard; name = Base; path = Base.lproj/LaunchScreen.storyboard; sourceTree = "<group>"; };
		BCE6D3CB1D92E1520079B9DC /* Info.plist */ = {isa = PBXFileReference; lastKnownFileType = text.plist.xml; path = Info.plist; sourceTree = "<group>"; };
/* End PBXFileReference section */

/* Begin PBXFrameworksBuildPhase section */
		BCE6D3B91D92E1510079B9DC /* Frameworks */ = {
			isa = PBXFrameworksBuildPhase;
			buildActionMask = 2147483647;
			files = (
			);
			runOnlyForDeploymentPostprocessing = 0;
		};
/* End PBXFrameworksBuildPhase section */

/* Begin PBXGroup section */
		BCE6D3B31D92E1510079B9DC = {
			isa = PBXGroup;
			children = (
				BCE6D3BE1D92E1520079B9DC /* taxik-test */,
				BCE6D3BD1D92E1520079B9DC /* Products */,
			);
			sourceTree = "<group>";
		};
		BCE6D3BD1D92E1520079B9DC /* Products */ = {
			isa = PBXGroup;
			children = (
				BCE6D3BC1D92E1520079B9DC /* taxik-test.app */,
			);
			name = Products;
			sourceTree = "<group>";
		};
		BCE6D3BE1D92E1520079B9DC /* taxik-test */ = {
			isa = PBXGroup;
			children = (
				BCE6D3BF1D92E1520079B9DC /* AppDelegate.swift */,
				BCE6D3C11D92E1520079B9DC /* ViewController.swift */,
				BCE6D3C31D92E1520079B9DC /* Main.storyboard */,
				BCE6D3C61D92E1520079B9DC /* Assets.xcassets */,
				BCE6D3C81D92E1520079B9DC /* LaunchScreen.storyboard */,
				BCE6D3CB1D92E1520079B9DC /* Info.plist */,
			);
			path = "taxik-test";
			sourceTree = "<group>";
		};
/* End PBXGroup section */

/* Begin PBXNativeTarget section */
		BCE6D3BB1D92E1510079B9DC /* taxik-test */ = {
			isa = PBXNativeTarget;
			buildConfigurationList = BCE6D3CE1D92E1520079B9DC /* Build configuration list for PBXNativeTarget "taxik-test" */;
			buildPhases = (
				BCE6D3B81D92E1510079B9DC /* Sources */,
				BCE6D3B91D92E1510079B9DC /* Frameworks */,
				BCE6D3BA1D92E1510079B9DC /* Resources */,
			);
			buildRules = (
			);
			dependencies = (
			);
			name = "taxik-test";
			productName = "taxik-test";
			productReference = BCE6D3BC1D92E1520079B9DC /* taxik-test.app */;
			productType = "com.apple.product-type.application";
		};
/* End PBXNativeTarget section */

/* Begin PBXProject section */
		BCE6D3B41D92E1510079B9DC /* Project object */ = {
			isa = PBXProject;
			attributes = {
				LastSwiftUpdateCheck = 0800;
				LastUpgradeCheck = 0800;
				ORGANIZATIONNAME = "Aleksandr Myaots";
				TargetAttributes = {
					BCE6D3BB1D92E1510079B9DC = {
						CreatedOnToolsVersion = 8.0;
						ProvisioningStyle = Automatic;
					};
				};
			};
			buildConfigurationList = BCE6D3B71D92E1510079B9DC /* Build configuration list for PBXProject "taxik-test" */;
			compatibilityVersion = "Xcode 3.2";
			developmentRegion = English;
			hasScannedForEncodings = 0;
			knownRegions = (
				en,
				Base,
			);
			mainGroup = BCE6D3B31D92E1510079B9DC;
			productRefGroup = BCE6D3BD1D92E1520079B9DC /* Products */;
			projectDirPath = "";
			projectRoot = "";
			targets = (
				BCE6D3BB1D92E1510079B9DC /* taxik-test */,
			);
		};
/* End PBXProject section */

/* Begin PBXResourcesBuildPhase section */
		BCE6D3BA1D92E1510079B9DC /* Resources */ = {
			isa = PBXResourcesBuildPhase;
			buildActionMask = 2147483647;
			files = (
				BCE6D3CA1D92E1520079B9DC /* LaunchScreen.storyboard in Resources */,
				BCE6D3C71D92E1520079B9DC /* Assets.xcassets in Resources */,
				BCE6D3C51D92E1520079B9DC /* Main.storyboard in Resources */,
			);
			runOnlyForDeploymentPostprocessing = 0;
		};
/* End PBXResourcesBuildPhase section */

/* Begin PBXSourcesBuildPhase section */
		BCE6D3B81D92E1510079B9DC /* Sources */ = {
			isa = PBXSourcesBuildPhase;
			buildActionMask = 2147483647;
			files = (
				BCE6D3C21D92E1520079B9DC /* ViewController.swift in Sources */,
				BCE6D3C01D92E1520079B9DC /* AppDelegate.swift in Sources */,
			);
			runOnlyForDeploymentPostprocessing = 0;
		};
/* End PBXSourcesBuildPhase section */

/* Begin PBXVariantGroup section */
		BCE6D3C31D92E1520079B9DC /* Main.storyboard */ = {
			isa = PBXVariantGroup;
			children = (
				BCE6D3C41D92E1520079B9DC /* Base */,
			);
			name = Main.storyboard;
			sourceTree = "<group>";
		};
		BCE6D3C81D92E1520079B9DC /* LaunchScreen.storyboard */ = {
			isa = PBXVariantGroup;
			children = (
				BCE6D3C91D92E1520079B9DC /* Base */,
			);
			name = LaunchScreen.storyboard;
			sourceTree = "<group>";
		};
/* End PBXVariantGroup section */

/* Begin XCBuildConfiguration section */
		BCE6D3CC1D92E1520079B9DC /* Debug */ = {
			isa = XCBuildConfiguration;
			buildSettings = {
				ALWAYS_SEARCH_USER_PATHS = NO;
				CLANG_ANALYZER_NONNULL = YES;
				CLANG_CXX_LANGUAGE_STANDARD = "gnu++0x";
				CLANG_CXX_LIBRARY = "libc++";
				CLANG_ENABLE_MODULES = YES;
				CLANG_ENABLE_OBJC_ARC = YES;
				CLANG_WARN_BOOL_CONVERSION = YES;
				CLANG_WARN_CONSTANT_CONVERSION = YES;
				CLANG_WARN_DIRECT_OBJC_ISA_USAGE = YES_ERROR;
				CLANG_WARN_DOCUMENTATION_COMMENTS = YES;
				CLANG_WARN_EMPTY_BODY = YES;
				CLANG_WARN_ENUM_CONVERSION = YES;
				CLANG_WARN_INFINITE_RECURSION = YES;
				CLANG_WARN_INT_CONVERSION = YES;
				CLANG_WARN_OBJC_ROOT_CLASS = YES_ERROR;
				CLANG_WARN_SUSPICIOUS_MOVES = YES;
				CLANG_WARN_UNREACHABLE_CODE = YES;
				CLANG_WARN__DUPLICATE_METHOD_MATCH = YES;
				"CODE_SIGN_IDENTITY[sdk=iphoneos*]" = "iPhone Developer";
				COPY_PHASE_STRIP = NO;
				DEBUG_INFORMATION_FORMAT = dwarf;
				ENABLE_STRICT_OBJC_MSGSEND = YES;
				ENABLE_TESTABILITY = YES;
				GCC_C_LANGUAGE_STANDARD = gnu99;
				GCC_DYNAMIC_NO_PIC = NO;
				GCC_NO_COMMON_BLOCKS = YES;
				GCC_OPTIMIZATION_LEVEL = 0;
				GCC_PREPROCESSOR_DEFINITIONS = (
					"DEBUG=1",
					"$(inherited)",
				);
				GCC_WARN_64_TO_32_BIT_CONVERSION = YES;
				GCC_WARN_ABOUT_RETURN_TYPE = YES_ERROR;
				GCC_WARN_UNDECLARED_SELECTOR = YES;
				GCC_WARN_UNINITIALIZED_AUTOS = YES_AGGRESSIVE;
				GCC_WARN_UNUSED_FUNCTION = YES;
				GCC_WARN_UNUSED_VARIABLE = YES;
				IPHONEOS_DEPLOYMENT_TARGET = 10.0;
				MTL_ENABLE_DEBUG_INFO = YES;
				ONLY_ACTIVE_ARCH = YES;
				SDKROOT = iphoneos;
				SWIFT_ACTIVE_COMPILATION_CONDITIONS = DEBUG;
				SWIFT_OPTIMIZATION_LEVEL = "-Onone";
				TARGETED_DEVICE_FAMILY = "1,2";
			};
			name = Debug;
		};
		BCE6D3CD1D92E1520079B9DC /* Release */ = {
			isa = XCBuildConfiguration;
			buildSettings = {
				ALWAYS_SEARCH_USER_PATHS = NO;
				CLANG_ANALYZER_NONNULL = YES;
				CLANG_CXX_LANGUAGE_STANDARD = "gnu++0x";
				CLANG_CXX_LIBRARY = "libc++";
				CLANG_ENABLE_MODULES = YES;
				CLANG_ENABLE_OBJC_ARC = YES;
				CLANG_WARN_BOOL_CONVERSION = YES;
				CLANG_WARN_CONSTANT_CONVERSION = YES;
				CLANG_WARN_DIRECT_OBJC_ISA_USAGE = YES_ERROR;
				CLANG_WARN_DOCUMENTATION_COMMENTS = YES;
				CLANG_WARN_EMPTY_BODY = YES;
				CLANG_WARN_ENUM_CONVERSION = YES;
				CLANG_WARN_INFINITE_RECURSION = YES;
				CLANG_WARN_INT_CONVERSION = YES;
				CLANG_WARN_OBJC_ROOT_CLASS = YES_ERROR;
				CLANG_WARN_SUSPICIOUS_MOVES = YES;
				CLANG_WARN_UNREACHABLE_CODE = YES;
				CLANG_WARN__DUPLICATE_METHOD_MATCH = YES;
				"CODE_SIGN_IDENTITY[sdk=iphoneos*]" = "iPhone Developer";
				COPY_PHASE_STRIP = NO;
				DEBUG_INFORMATION_FORMAT = "dwarf-with-dsym";
				ENABLE_NS_ASSERTIONS = NO;
				ENABLE_STRICT_OBJC_MSGSEND = YES;
				GCC_C_LANGUAGE_STANDARD = gnu99;
				GCC_NO_COMMON_BLOCKS = YES;
				GCC_WARN_64_TO_32_BIT_CONVERSION = YES;
				GCC_WARN_ABOUT_RETURN_TYPE = YES_ERROR;
				GCC_WARN_UNDECLARED_SELECTOR = YES;
				GCC_WARN_UNINITIALIZED_AUTOS = YES_AGGRESSIVE;
				GCC_WARN_UNUSED_FUNCTION = YES;
				GCC_WARN_UNUSED_VARIABLE = YES;
				IPHONEOS_DEPLOYMENT_TARGET = 10.0;
				MTL_ENABLE_DEBUG_INFO = NO;
				SDKROOT = iphoneos;
				SWIFT_OPTIMIZATION_LEVEL = "-Owholemodule";
				TARGETED_DEVICE_FAMILY = "1,2";
				VALIDATE_PRODUCT = YES;
			};
			name = Release;
		};
		BCE6D3CF1D92E1520079B9DC /* Debug */ = {
			isa = XCBuildConfiguration;
			buildSettings = {
				ASSETCATALOG_COMPILER_APPICON_NAME = AppIcon;
				INFOPLIST_FILE = "taxik-test/Info.plist";
				LD_RUNPATH_SEARCH_PATHS = "$(inherited) @executable_path/Frameworks";
				PRODUCT_BUNDLE_IDENTIFIER = "myaots.taxik-test";
				PRODUCT_NAME = "$(TARGET_NAME)";
				SWIFT_VERSION = 3.0;
			};
			name = Debug;
		};
		BCE6D3D01D92E1520079B9DC /* Release */ = {
			isa = XCBuildConfiguration;
			buildSettings = {
				ASSETCATALOG_COMPILER_APPICON_NAME = AppIcon;
				INFOPLIST_FILE = "taxik-test/Info.plist";
				LD_RUNPATH_SEARCH_PATHS = "$(inherited) @executable_path/Frameworks";
				PRODUCT_BUNDLE_IDENTIFIER = "myaots.taxik-test";
				PRODUCT_NAME = "$(TARGET_NAME)";
				SWIFT_VERSION = 3.0;
			};
			name = Release;
		};
/* End XCBuildConfiguration section */

/* Begin XCConfigurationList section */
		BCE6D3B71D92E1510079B9DC /* Build configuration list for PBXProject "taxik-test" */ = {
			isa = XCConfigurationList;
			buildConfigurations = (
				BCE6D3CC1D92E1520079B9DC /* Debug */,
				BCE6D3CD1D92E1520079B9DC /* Release */,
			);
			defaultConfigurationIsVisible = 0;
			defaultConfigurationName = Release;
		};
		BCE6D3CE1D92E1520079B9DC /* Build configuration list for PBXNativeTarget "taxik-test" */ = {
			isa = XCConfigurationList;
			buildConfigurations = (
				BCE6D3CF1D92E1520079B9DC /* Debug */,
				BCE6D3D01D92E1520079B9DC /* Release */,
			);
			defaultConfigurationIsVisible = 0;
		};
/* End XCConfigurationList section */
	};
	rootObject = BCE6D3B41D92E1510079B9DC /* Project object */;
}
